github.com/msuozzo/bonsai v0.1.0 h1:jUjvXPJgQJ61WyAeRG9Q4xyRaJc5YUonsvflS6TDiFM=
github.com/msuozzo/bonsai v0.1.0/go.mod h1:LDo0Dmp6qaeEoJAG83UuLDHtwHn6H1knSYKqoXMxm4M=
github.com/msuozzo/bonsai/bonsai-bash v0.1.0 h1:XkB+5gGVQVwEBmdruWqZjAqOos0rWQIONVCvw/ospi0=
github.com/msuozzo/bonsai/bonsai-bash v0.1.0/go.mod h1:iBMEIaCSaXMJ0Iz1YARPnT1yLyZ6eMs6wRfRSQ0Vyg8=
github.com/msuozzo/bonsai/bonsai-dockerfile v0.1.0 h1:EeJ8x0Atjo988aPdt0riOpA1vQaKn0OiWZbhx3gdDMM=
github.com/msuozzo/bonsai/bonsai-dockerfile v0.1.0/go.mod h1:pAWJtOg8liDOaFAJ5dy/s6zWE5KYzUgBAzuGQ/1ljF0=
github.com/msuozzo/bonsai/bonsai-go v0.1.0 h1:br3awj4BFrkgb91wiueySdlrt0FIePTR/OLD48HVELE=
github.com/msuozzo/bonsai/bonsai-go v0.1.0/go.mod h1:nD9cTvbl20SQxbFfQBTFSkdzAbXOHeHOxHojTjzpjdQ=
github.com/msuozzo/bonsai/bonsai-gotemplate v0.1.0 h1:VD422Xq33kYQxtKs6bx4UOrI5qrxD+XTYYFpQf8+Th0=
github.com/msuozzo/bonsai/bonsai-gotemplate v0.1.0/go.mod h1:yeA8/vMpwdsWODPiE0LpgrmboiCSEkzCQ10GPf4WOlk=
github.com/msuozzo/bonsai/bonsai-markdown v0.1.0 h1:ODUWl75rzLyjY6dRkeO1TYrmsLBFQR0+GY7rRwRVQS0=
github.com/msuozzo/bonsai/bonsai-markdown v0.1.0/go.mod h1:Tz6zjCMD61tA5UY0ZMlfv0/H4U3HAdDgHpqlS3+F3Vc=
github.com/msuozzo/bonsai/bonsai-markdown-inline v0.1.0 h1:3N+/wwX6HLv11Wfj2Nq1q+P7vZU6LeXs9hZSQdyMQYs=
github.com/msuozzo/bonsai/bonsai-markdown-inline v0.1.0/go.mod h1:YviRtBEwrVyWrVnN7OBwX9eFU2lG+pwttK66XvSNn/w=
github.com/msuozzo/bonsai/bonsai-python v0.1.0 h1:qRnxtvMbFW4PRSGGGoPqUnn9w1iXyiJhD2pBg/X85Js=
github.com/msuozzo/bonsai/bonsai-python v0.1.0/go.mod h1:c+6L22DLHTR+6qJRdbO5PZuV5MYCknrVGB3sgEDmouY=
github.com/msuozzo/bonsai/bonsai-yaml v0.1.0 h1:Uv2Vjw1LAk5zoEv6XcJo4G4Lo6mDo320+zCi9VE/U7Y=
github.com/msuozzo/bonsai/bonsai-yaml v0.1.0/go.mod h1:oT7GSGysf7kpZoUfufu4xUogvG8a/dvg5DsOc9ha92M=
