github.com/msuozzo/bonsai v0.2.0 h1:zmbnH/U682aCiOcHhtplpqOXfUnACyhkQ5ZoU2KW7Lc=
github.com/msuozzo/bonsai v0.2.0/go.mod h1:LDo0Dmp6qaeEoJAG83UuLDHtwHn6H1knSYKqoXMxm4M=
github.com/msuozzo/bonsai/bonsai-bash v0.2.0 h1:V4Uk8FCt+/m9nLswDC+8wkcooFQobu92HHNNevfjDTE=
github.com/msuozzo/bonsai/bonsai-bash v0.2.0/go.mod h1:BporaXy1WsudincMx00eXrnRGcEAB8GzaHVZAgq0IOQ=
github.com/msuozzo/bonsai/bonsai-dockerfile v0.2.0 h1:m/llMBBFIBc9BGHBF/cw/5nnMZzC+wb0+m1Mcnqhi00=
github.com/msuozzo/bonsai/bonsai-dockerfile v0.2.0/go.mod h1:HmR69h0lypPnt/blsARbQPlIIZ7ReVU3B/3Adqm5k50=
github.com/msuozzo/bonsai/bonsai-go v0.2.0 h1:qaXMHPoX2kyatG6uc7SitpFAvdAByfNErTt53OJVDMw=
github.com/msuozzo/bonsai/bonsai-go v0.2.0/go.mod h1:VoprmE1h64KMsdkhVooikc2juNK+HjkozuqQNqpHAmE=
github.com/msuozzo/bonsai/bonsai-gotemplate v0.2.0 h1:HlOyoYvMGKUcKbk6QQ80UvlCkN9AYhGuDILQs2zULUI=
github.com/msuozzo/bonsai/bonsai-gotemplate v0.2.0/go.mod h1:WpAs95gq56zym81uP9wbTzvtAkdRWfp/vs/WWjD+RSU=
github.com/msuozzo/bonsai/bonsai-markdown v0.2.0 h1:wjFRFu7v7JV79FPSi2v5WTzRY4H0EXrN6+NABHJyKWI=
github.com/msuozzo/bonsai/bonsai-markdown v0.2.0/go.mod h1:seZGxsyQSjmE6weTS5C4GgjdH29yZXEhEbMR08le96A=
github.com/msuozzo/bonsai/bonsai-markdown-inline v0.2.0 h1:qaJ5zBH7gAoxAX0CT3LyeedjSR23gLSAID7jmZAjL6k=
github.com/msuozzo/bonsai/bonsai-markdown-inline v0.2.0/go.mod h1:aA/UoOBSckC3TRJEPg90XaioXcOCv/8GXAxR0AkHrEE=
github.com/msuozzo/bonsai/bonsai-python v0.2.0 h1:z+z5vd/b9YOtD1mKV1VC7ygaez1TGBwhtnw6QAUs7/w=
github.com/msuozzo/bonsai/bonsai-python v0.2.0/go.mod h1:JQ5zwyyTpqCcX48m5XvEgfhzkovt9zpZM4rABASmJdM=
github.com/msuozzo/bonsai/bonsai-yaml v0.2.0 h1:dpUK7Ww5uu5AVQXixxdcL5Q9tLwqNJEyau2fc+LIn3o=
github.com/msuozzo/bonsai/bonsai-yaml v0.2.0/go.mod h1:a+Tl28MC8bdfay6UHq+KQOaFOliw4h/0kN+j3f6sgwM=
